
Microsoft Visual Studio Solution File, Format Version 12.00
# Visual Studio Version 16
VisualStudioVersion = 16.0.29409.12
MinimumVisualStudioVersion = 10.0.40219.1
Project("{8BC9CEB8-8B4A-11D0-8D11-00A0C91BC942}") = "ff8_demaster", "ff8_demaster\ff8_demaster.vcxproj", "{6988B1B2-621B-45B4-A1F3-4E6ED1D82B22}"
EndProject
Project("{FAE04EC0-301F-11D3-BF4B-00C04F79EFBC}") = "viiidem_customlauncher", "viiidem_customlauncher\viiidem_customlauncher.csproj", "{E8FE9475-BE92-4FCD-8DD2-782789A07CAC}"
EndProject
Global
	GlobalSection(SolutionConfigurationPlatforms) = preSolution
		Debug|x86 = Debug|x86
	EndGlobalSection
	GlobalSection(ProjectConfigurationPlatforms) = postSolution
		{6988B1B2-621B-45B4-A1F3-4E6ED1D82B22}.Debug|x86.ActiveCfg = Debug|Win32
		{6988B1B2-621B-45B4-A1F3-4E6ED1D82B22}.Debug|x86.Build.0 = Debug|Win32
		{E8FE9475-BE92-4FCD-8DD2-782789A07CAC}.Debug|x86.ActiveCfg = Debug|Any CPU
		{E8FE9475-BE92-4FCD-8DD2-782789A07CAC}.Debug|x86.Build.0 = Debug|Any CPU
	EndGlobalSection
	GlobalSection(SolutionProperties) = preSolution
		HideSolutionNode = FALSE
	EndGlobalSection
	GlobalSection(ExtensibilityGlobals) = postSolution
		SolutionGuid = {488CDCD7-56E0-40B3-B5DD-AE77C12DF3AE}
	EndGlobalSection
EndGlobal
